
Microsoft Visual Studio Solution File, Format Version 12.00
# Visual Studio Version 16
VisualStudioVersion = 16.0.31321.278
MinimumVisualStudioVersion = 10.0.40219.1
Project("{8BC9CEB8-8B4A-11D0-8D11-00A0C91BC942}") = "Windows 11", "Windows 11\Windows 11.vcxproj", "{B5EFDB34-6138-4C9F-82DC-63F478C53002}"
EndProject
Global
	GlobalSection(SolutionConfigurationPlatforms) = preSolution
		Debug|x64 = Debug|x64
		Debug|x86 = Debug|x86
		Release|x64 = Release|x64
		Release|x86 = Release|x86
	EndGlobalSection
	GlobalSection(ProjectConfigurationPlatforms) = postSolution
		{B5EFDB34-6138-4C9F-82DC-63F478C53002}.Debug|x64.ActiveCfg = Debug|x64
		{B5EFDB34-6138-4C9F-82DC-63F478C53002}.Debug|x64.Build.0 = Debug|x64
		{B5EFDB34-6138-4C9F-82DC-63F478C53002}.Debug|x86.ActiveCfg = Debug|Win32
		{B5EFDB34-6138-4C9F-82DC-63F478C53002}.Debug|x86.Build.0 = Debug|Win32
		{B5EFDB34-6138-4C9F-82DC-63F478C53002}.Release|x64.ActiveCfg = Release|x64
		{B5EFDB34-6138-4C9F-82DC-63F478C53002}.Release|x64.Build.0 = Release|x64
		{B5EFDB34-6138-4C9F-82DC-63F478C53002}.Release|x86.ActiveCfg = Release|Win32
		{B5EFDB34-6138-4C9F-82DC-63F478C53002}.Release|x86.Build.0 = Release|Win32
	EndGlobalSection
	GlobalSection(SolutionProperties) = preSolution
		HideSolutionNode = FALSE
	EndGlobalSection
	GlobalSection(ExtensibilityGlobals) = postSolution
		SolutionGuid = {FEA9AEAB-0EFB-4703-905C-1141587A73D6}
	EndGlobalSection
EndGlobal
